// !$*UTF8*$!
{
	archiveVersion = 1;
	classes = {
	};
	objectVersion = 55;
	objects = {

/* Begin PBXBuildFile section */
		5729A83E277752C700F07638 /* dev_SimpleTodoApp.swift in Sources */ = {isa = PBXBuildFile; fileRef = 5729A83D277752C700F07638 /* dev_SimpleTodoApp.swift */; };
		5729A840277752C700F07638 /* ContentView.swift in Sources */ = {isa = PBXBuildFile; fileRef = 5729A83F277752C700F07638 /* ContentView.swift */; };
		5729A842277752C800F07638 /* Assets.xcassets in Resources */ = {isa = PBXBuildFile; fileRef = 5729A841277752C800F07638 /* Assets.xcassets */; };
		5729A845277752C800F07638 /* Preview Assets.xcassets in Resources */ = {isa = PBXBuildFile; fileRef = 5729A844277752C800F07638 /* Preview Assets.xcassets */; };
		5729A84E27775AE700F07638 /* TaskListView.swift in Sources */ = {isa = PBXBuildFile; fileRef = 5729A84D27775AE700F07638 /* TaskListView.swift */; };
		5729A8502777E16300F07638 /* TaskList.swift in Sources */ = {isa = PBXBuildFile; fileRef = 5729A84F2777E16300F07638 /* TaskList.swift */; };
		5729A8522777E60000F07638 /* Task.swift in Sources */ = {isa = PBXBuildFile; fileRef = 5729A8512777E60000F07638 /* Task.swift */; };
		5729A8552777EC5E00F07638 /* Model.swift in Sources */ = {isa = PBXBuildFile; fileRef = 5729A8542777EC5E00F07638 /* Model.swift */; };
		5729A8572777ECA800F07638 /* task.json in Resources */ = {isa = PBXBuildFile; fileRef = 5729A8562777ECA800F07638 /* task.json */; };
		5729A85B2777F5D500F07638 /* TaskListItem.swift in Sources */ = {isa = PBXBuildFile; fileRef = 5729A85A2777F5D500F07638 /* TaskListItem.swift */; };
/* End PBXBuildFile section */

/* Begin PBXFileReference section */
		5729A83A277752C700F07638 /* dev-SimpleTodoApp.app */ = {isa = PBXFileReference; explicitFileType = wrapper.application; includeInIndex = 0; path = "dev-SimpleTodoApp.app"; sourceTree = BUILT_PRODUCTS_DIR; };
		5729A83D277752C700F07638 /* dev_SimpleTodoApp.swift */ = {isa = PBXFileReference; lastKnownFileType = sourcecode.swift; path = dev_SimpleTodoApp.swift; sourceTree = "<group>"; };
		5729A83F277752C700F07638 /* ContentView.swift */ = {isa = PBXFileReference; lastKnownFileType = sourcecode.swift; path = ContentView.swift; sourceTree = "<group>"; };
		5729A841277752C800F07638 /* Assets.xcassets */ = {isa = PBXFileReference; lastKnownFileType = folder.assetcatalog; path = Assets.xcassets; sourceTree = "<group>"; };
		5729A844277752C800F07638 /* Preview Assets.xcassets */ = {isa = PBXFileReference; lastKnownFileType = folder.assetcatalog; path = "Preview Assets.xcassets"; sourceTree = "<group>"; };
		5729A84D27775AE700F07638 /* TaskListView.swift */ = {isa = PBXFileReference; lastKnownFileType = sourcecode.swift; path = TaskListView.swift; sourceTree = "<group>"; };
		5729A84F2777E16300F07638 /* TaskList.swift */ = {isa = PBXFileReference; lastKnownFileType = sourcecode.swift; path = TaskList.swift; sourceTree = "<group>"; };
		5729A8512777E60000F07638 /* Task.swift */ = {isa = PBXFileReference; lastKnownFileType = sourcecode.swift; path = Task.swift; sourceTree = "<group>"; };
		5729A8542777EC5E00F07638 /* Model.swift */ = {isa = PBXFileReference; lastKnownFileType = sourcecode.swift; path = Model.swift; sourceTree = "<group>"; };
		5729A8562777ECA800F07638 /* task.json */ = {isa = PBXFileReference; lastKnownFileType = text.json; path = task.json; sourceTree = "<group>"; };
		5729A85A2777F5D500F07638 /* TaskListItem.swift */ = {isa = PBXFileReference; lastKnownFileType = sourcecode.swift; path = TaskListItem.swift; sourceTree = "<group>"; };
/* End PBXFileReference section */

/* Begin PBXFrameworksBuildPhase section */
		5729A837277752C700F07638 /* Frameworks */ = {
			isa = PBXFrameworksBuildPhase;
			buildActionMask = 2147483647;
			files = (
			);
			runOnlyForDeploymentPostprocessing = 0;
		};
/* End PBXFrameworksBuildPhase section */

/* Begin PBXGroup section */
		5729A831277752C700F07638 = {
			isa = PBXGroup;
			children = (
				5729A83C277752C700F07638 /* dev-SimpleTodoApp */,
				5729A83B277752C700F07638 /* Products */,
			);
			sourceTree = "<group>";
		};
		5729A83B277752C700F07638 /* Products */ = {
			isa = PBXGroup;
			children = (
				5729A83A277752C700F07638 /* dev-SimpleTodoApp.app */,
			);
			name = Products;
			sourceTree = "<group>";
		};
		5729A83C277752C700F07638 /* dev-SimpleTodoApp */ = {
			isa = PBXGroup;
			children = (
				5729A8592777F02F00F07638 /* Component */,
				5729A83D277752C700F07638 /* dev_SimpleTodoApp.swift */,
				5729A8582777EFFE00F07638 /* View */,
				5729A8532777E7AC00F07638 /* Model */,
				5729A841277752C800F07638 /* Assets.xcassets */,
				5729A843277752C800F07638 /* Preview Content */,
			);
			path = "dev-SimpleTodoApp";
			sourceTree = "<group>";
		};
		5729A843277752C800F07638 /* Preview Content */ = {
			isa = PBXGroup;
			children = (
				5729A844277752C800F07638 /* Preview Assets.xcassets */,
			);
			path = "Preview Content";
			sourceTree = "<group>";
		};
		5729A8532777E7AC00F07638 /* Model */ = {
			isa = PBXGroup;
			children = (
				5729A8512777E60000F07638 /* Task.swift */,
				5729A8542777EC5E00F07638 /* Model.swift */,
				5729A8562777ECA800F07638 /* task.json */,
			);
			path = Model;
			sourceTree = "<group>";
		};
		5729A8582777EFFE00F07638 /* View */ = {
			isa = PBXGroup;
			children = (
				5729A83F277752C700F07638 /* ContentView.swift */,
				5729A84D27775AE700F07638 /* TaskListView.swift */,
			);
			path = View;
			sourceTree = "<group>";
		};
		5729A8592777F02F00F07638 /* Component */ = {
			isa = PBXGroup;
			children = (
				5729A84F2777E16300F07638 /* TaskList.swift */,
				5729A85A2777F5D500F07638 /* TaskListItem.swift */,
			);
			path = Component;
			sourceTree = "<group>";
		};
/* End PBXGroup section */

/* Begin PBXNativeTarget section */
		5729A839277752C700F07638 /* dev-SimpleTodoApp */ = {
			isa = PBXNativeTarget;
			buildConfigurationList = 5729A848277752C800F07638 /* Build configuration list for PBXNativeTarget "dev-SimpleTodoApp" */;
			buildPhases = (
				5729A836277752C700F07638 /* Sources */,
				5729A837277752C700F07638 /* Frameworks */,
				5729A838277752C700F07638 /* Resources */,
			);
			buildRules = (
			);
			dependencies = (
			);
			name = "dev-SimpleTodoApp";
			productName = "dev-SimpleTodoApp";
			productReference = 5729A83A277752C700F07638 /* dev-SimpleTodoApp.app */;
			productType = "com.apple.product-type.application";
		};
/* End PBXNativeTarget section */

/* Begin PBXProject section */
		5729A832277752C700F07638 /* Project object */ = {
			isa = PBXProject;
			attributes = {
				BuildIndependentTargetsInParallel = 1;
				LastSwiftUpdateCheck = 1320;
				LastUpgradeCheck = 1320;
				TargetAttributes = {
					5729A839277752C700F07638 = {
						CreatedOnToolsVersion = 13.2.1;
					};
				};
			};
			buildConfigurationList = 5729A835277752C700F07638 /* Build configuration list for PBXProject "dev-SimpleTodoApp" */;
			compatibilityVersion = "Xcode 13.0";
			developmentRegion = en;
			hasScannedForEncodings = 0;
			knownRegions = (
				en,
				Base,
			);
			mainGroup = 5729A831277752C700F07638;
			productRefGroup = 5729A83B277752C700F07638 /* Products */;
			projectDirPath = "";
			projectRoot = "";
			targets = (
				5729A839277752C700F07638 /* dev-SimpleTodoApp */,
			);
		};
/* End PBXProject section */

/* Begin PBXResourcesBuildPhase section */
		5729A838277752C700F07638 /* Resources */ = {
			isa = PBXResourcesBuildPhase;
			buildActionMask = 2147483647;
			files = (
				5729A845277752C800F07638 /* Preview Assets.xcassets in Resources */,
				5729A842277752C800F07638 /* Assets.xcassets in Resources */,
				5729A8572777ECA800F07638 /* task.json in Resources */,
			);
			runOnlyForDeploymentPostprocessing = 0;
		};
/* End PBXResourcesBuildPhase section */

/* Begin PBXSourcesBuildPhase section */
		5729A836277752C700F07638 /* Sources */ = {
			isa = PBXSourcesBuildPhase;
			buildActionMask = 2147483647;
			files = (
				5729A8522777E60000F07638 /* Task.swift in Sources */,
				5729A8502777E16300F07638 /* TaskList.swift in Sources */,
				5729A84E27775AE700F07638 /* TaskListView.swift in Sources */,
				5729A8552777EC5E00F07638 /* Model.swift in Sources */,
				5729A840277752C700F07638 /* ContentView.swift in Sources */,
				5729A85B2777F5D500F07638 /* TaskListItem.swift in Sources */,
				5729A83E277752C700F07638 /* dev_SimpleTodoApp.swift in Sources */,
			);
			runOnlyForDeploymentPostprocessing = 0;
		};
/* End PBXSourcesBuildPhase section */

/* Begin XCBuildConfiguration section */
		5729A846277752C800F07638 /* Debug */ = {
			isa = XCBuildConfiguration;
			buildSettings = {
				ALWAYS_SEARCH_USER_PATHS = NO;
				CLANG_ANALYZER_NONNULL = YES;
				CLANG_ANALYZER_NUMBER_OBJECT_CONVERSION = YES_AGGRESSIVE;
				CLANG_CXX_LANGUAGE_STANDARD = "gnu++17";
				CLANG_CXX_LIBRARY = "libc++";
				CLANG_ENABLE_MODULES = YES;
				CLANG_ENABLE_OBJC_ARC = YES;
				CLANG_ENABLE_OBJC_WEAK = YES;
				CLANG_WARN_BLOCK_CAPTURE_AUTORELEASING = YES;
				CLANG_WARN_BOOL_CONVERSION = YES;
				CLANG_WARN_COMMA = YES;
				CLANG_WARN_CONSTANT_CONVERSION = YES;
				CLANG_WARN_DEPRECATED_OBJC_IMPLEMENTATIONS = YES;
				CLANG_WARN_DIRECT_OBJC_ISA_USAGE = YES_ERROR;
				CLANG_WARN_DOCUMENTATION_COMMENTS = YES;
				CLANG_WARN_EMPTY_BODY = YES;
				CLANG_WARN_ENUM_CONVERSION = YES;
				CLANG_WARN_INFINITE_RECURSION = YES;
				CLANG_WARN_INT_CONVERSION = YES;
				CLANG_WARN_NON_LITERAL_NULL_CONVERSION = YES;
				CLANG_WARN_OBJC_IMPLICIT_RETAIN_SELF = YES;
				CLANG_WARN_OBJC_LITERAL_CONVERSION = YES;
				CLANG_WARN_OBJC_ROOT_CLASS = YES_ERROR;
				CLANG_WARN_QUOTED_INCLUDE_IN_FRAMEWORK_HEADER = YES;
				CLANG_WARN_RANGE_LOOP_ANALYSIS = YES;
				CLANG_WARN_STRICT_PROTOTYPES = YES;
				CLANG_WARN_SUSPICIOUS_MOVE = YES;
				CLANG_WARN_UNGUARDED_AVAILABILITY = YES_AGGRESSIVE;
				CLANG_WARN_UNREACHABLE_CODE = YES;
				CLANG_WARN__DUPLICATE_METHOD_MATCH = YES;
				COPY_PHASE_STRIP = NO;
				DEBUG_INFORMATION_FORMAT = dwarf;
				ENABLE_STRICT_OBJC_MSGSEND = YES;
				ENABLE_TESTABILITY = YES;
				GCC_C_LANGUAGE_STANDARD = gnu11;
				GCC_DYNAMIC_NO_PIC = NO;
				GCC_NO_COMMON_BLOCKS = YES;
				GCC_OPTIMIZATION_LEVEL = 0;
				GCC_PREPROCESSOR_DEFINITIONS = (
					"DEBUG=1",
					"$(inherited)",
				);
				GCC_WARN_64_TO_32_BIT_CONVERSION = YES;
				GCC_WARN_ABOUT_RETURN_TYPE = YES_ERROR;
				GCC_WARN_UNDECLARED_SELECTOR = YES;
				GCC_WARN_UNINITIALIZED_AUTOS = YES_AGGRESSIVE;
				GCC_WARN_UNUSED_FUNCTION = YES;
				GCC_WARN_UNUSED_VARIABLE = YES;
				IPHONEOS_DEPLOYMENT_TARGET = 15.2;
				MTL_ENABLE_DEBUG_INFO = INCLUDE_SOURCE;
				MTL_FAST_MATH = YES;
				ONLY_ACTIVE_ARCH = YES;
				SDKROOT = iphoneos;
				SWIFT_ACTIVE_COMPILATION_CONDITIONS = DEBUG;
				SWIFT_OPTIMIZATION_LEVEL = "-Onone";
			};
			name = Debug;
		};
		5729A847277752C800F07638 /* Release */ = {
			isa = XCBuildConfiguration;
			buildSettings = {
				ALWAYS_SEARCH_USER_PATHS = NO;
				CLANG_ANALYZER_NONNULL = YES;
				CLANG_ANALYZER_NUMBER_OBJECT_CONVERSION = YES_AGGRESSIVE;
				CLANG_CXX_LANGUAGE_STANDARD = "gnu++17";
				CLANG_CXX_LIBRARY = "libc++";
				CLANG_ENABLE_MODULES = YES;
				CLANG_ENABLE_OBJC_ARC = YES;
				CLANG_ENABLE_OBJC_WEAK = YES;
				CLANG_WARN_BLOCK_CAPTURE_AUTORELEASING = YES;
				CLANG_WARN_BOOL_CONVERSION = YES;
				CLANG_WARN_COMMA = YES;
				CLANG_WARN_CONSTANT_CONVERSION = YES;
				CLANG_WARN_DEPRECATED_OBJC_IMPLEMENTATIONS = YES;
				CLANG_WARN_DIRECT_OBJC_ISA_USAGE = YES_ERROR;
				CLANG_WARN_DOCUMENTATION_COMMENTS = YES;
				CLANG_WARN_EMPTY_BODY = YES;
				CLANG_WARN_ENUM_CONVERSION = YES;
				CLANG_WARN_INFINITE_RECURSION = YES;
				CLANG_WARN_INT_CONVERSION = YES;
				CLANG_WARN_NON_LITERAL_NULL_CONVERSION = YES;
				CLANG_WARN_OBJC_IMPLICIT_RETAIN_SELF = YES;
				CLANG_WARN_OBJC_LITERAL_CONVERSION = YES;
				CLANG_WARN_OBJC_ROOT_CLASS = YES_ERROR;
				CLANG_WARN_QUOTED_INCLUDE_IN_FRAMEWORK_HEADER = YES;
				CLANG_WARN_RANGE_LOOP_ANALYSIS = YES;
				CLANG_WARN_STRICT_PROTOTYPES = YES;
				CLANG_WARN_SUSPICIOUS_MOVE = YES;
				CLANG_WARN_UNGUARDED_AVAILABILITY = YES_AGGRESSIVE;
				CLANG_WARN_UNREACHABLE_CODE = YES;
				CLANG_WARN__DUPLICATE_METHOD_MATCH = YES;
				COPY_PHASE_STRIP = NO;
				DEBUG_INFORMATION_FORMAT = "dwarf-with-dsym";
				ENABLE_NS_ASSERTIONS = NO;
				ENABLE_STRICT_OBJC_MSGSEND = YES;
				GCC_C_LANGUAGE_STANDARD = gnu11;
				GCC_NO_COMMON_BLOCKS = YES;
				GCC_WARN_64_TO_32_BIT_CONVERSION = YES;
				GCC_WARN_ABOUT_RETURN_TYPE = YES_ERROR;
				GCC_WARN_UNDECLARED_SELECTOR = YES;
				GCC_WARN_UNINITIALIZED_AUTOS = YES_AGGRESSIVE;
				GCC_WARN_UNUSED_FUNCTION = YES;
				GCC_WARN_UNUSED_VARIABLE = YES;
				IPHONEOS_DEPLOYMENT_TARGET = 15.2;
				MTL_ENABLE_DEBUG_INFO = NO;
				MTL_FAST_MATH = YES;
				SDKROOT = iphoneos;
				SWIFT_COMPILATION_MODE = wholemodule;
				SWIFT_OPTIMIZATION_LEVEL = "-O";
				VALIDATE_PRODUCT = YES;
			};
			name = Release;
		};
		5729A849277752C800F07638 /* Debug */ = {
			isa = XCBuildConfiguration;
			buildSettings = {
				ASSETCATALOG_COMPILER_APPICON_NAME = AppIcon;
				ASSETCATALOG_COMPILER_GLOBAL_ACCENT_COLOR_NAME = AccentColor;
				CODE_SIGN_STYLE = Automatic;
				CURRENT_PROJECT_VERSION = 1;
				DEVELOPMENT_ASSET_PATHS = "\"dev-SimpleTodoApp/Preview Content\"";
				ENABLE_PREVIEWS = YES;
				GENERATE_INFOPLIST_FILE = YES;
				INFOPLIST_KEY_UIApplicationSceneManifest_Generation = YES;
				INFOPLIST_KEY_UIApplicationSupportsIndirectInputEvents = YES;
				INFOPLIST_KEY_UILaunchScreen_Generation = YES;
				INFOPLIST_KEY_UISupportedInterfaceOrientations_iPad = "UIInterfaceOrientationPortrait UIInterfaceOrientationPortraitUpsideDown UIInterfaceOrientationLandscapeLeft UIInterfaceOrientationLandscapeRight";
				INFOPLIST_KEY_UISupportedInterfaceOrientations_iPhone = "UIInterfaceOrientationPortrait UIInterfaceOrientationLandscapeLeft UIInterfaceOrientationLandscapeRight";
				LD_RUNPATH_SEARCH_PATHS = (
					"$(inherited)",
					"@executable_path/Frameworks",
				);
				MARKETING_VERSION = 1.0;
				PRODUCT_BUNDLE_IDENTIFIER = "com.example.dev-SimpleTodoApp";
				PRODUCT_NAME = "$(TARGET_NAME)";
				SWIFT_EMIT_LOC_STRINGS = YES;
				SWIFT_VERSION = 5.0;
				TARGETED_DEVICE_FAMILY = "1,2";
			};
			name = Debug;
		};
		5729A84A277752C800F07638 /* Release */ = {
			isa = XCBuildConfiguration;
			buildSettings = {
				ASSETCATALOG_COMPILER_APPICON_NAME = AppIcon;
				ASSETCATALOG_COMPILER_GLOBAL_ACCENT_COLOR_NAME = AccentColor;
				CODE_SIGN_STYLE = Automatic;
				CURRENT_PROJECT_VERSION = 1;
				DEVELOPMENT_ASSET_PATHS = "\"dev-SimpleTodoApp/Preview Content\"";
				ENABLE_PREVIEWS = YES;
				GENERATE_INFOPLIST_FILE = YES;
				INFOPLIST_KEY_UIApplicationSceneManifest_Generation = YES;
				INFOPLIST_KEY_UIApplicationSupportsIndirectInputEvents = YES;
				INFOPLIST_KEY_UILaunchScreen_Generation = YES;
				INFOPLIST_KEY_UISupportedInterfaceOrientations_iPad = "UIInterfaceOrientationPortrait UIInterfaceOrientationPortraitUpsideDown UIInterfaceOrientationLandscapeLeft UIInterfaceOrientationLandscapeRight";
				INFOPLIST_KEY_UISupportedInterfaceOrientations_iPhone = "UIInterfaceOrientationPortrait UIInterfaceOrientationLandscapeLeft UIInterfaceOrientationLandscapeRight";
				LD_RUNPATH_SEARCH_PATHS = (
					"$(inherited)",
					"@executable_path/Frameworks",
				);
				MARKETING_VERSION = 1.0;
				PRODUCT_BUNDLE_IDENTIFIER = "com.example.dev-SimpleTodoApp";
				PRODUCT_NAME = "$(TARGET_NAME)";
				SWIFT_EMIT_LOC_STRINGS = YES;
				SWIFT_VERSION = 5.0;
				TARGETED_DEVICE_FAMILY = "1,2";
			};
			name = Release;
		};
/* End XCBuildConfiguration section */

/* Begin XCConfigurationList section */
		5729A835277752C700F07638 /* Build configuration list for PBXProject "dev-SimpleTodoApp" */ = {
			isa = XCConfigurationList;
			buildConfigurations = (
				5729A846277752C800F07638 /* Debug */,
				5729A847277752C800F07638 /* Release */,
			);
			defaultConfigurationIsVisible = 0;
			defaultConfigurationName = Release;
		};
		5729A848277752C800F07638 /* Build configuration list for PBXNativeTarget "dev-SimpleTodoApp" */ = {
			isa = XCConfigurationList;
			buildConfigurations = (
				5729A849277752C800F07638 /* Debug */,
				5729A84A277752C800F07638 /* Release */,
			);
			defaultConfigurationIsVisible = 0;
			defaultConfigurationName = Release;
		};
/* End XCConfigurationList section */
	};
	rootObject = 5729A832277752C700F07638 /* Project object */;
}
